
Microsoft Visual Studio Solution File, Format Version 12.00
# Visual Studio 14
VisualStudioVersion = 14.0.25420.1
MinimumVisualStudioVersion = 10.0.40219.1
Project("{FAE04EC0-301F-11D3-BF4B-00C04F79EFBC}") = "ProjectIV.Core", "ProjectIV.Core\ProjectIV.Core.csproj", "{5BA219B8-2938-482D-ACBA-D7C9054DE074}"
EndProject
Project("{FAE04EC0-301F-11D3-BF4B-00C04F79EFBC}") = "ProjectIV.WebApi", "ProjectIV.WebApi\ProjectIV.WebApi.csproj", "{5BBAA444-17DD-4E38-9952-66C63EDC7A8A}"
EndProject
Project("{FAE04EC0-301F-11D3-BF4B-00C04F79EFBC}") = "ConsoleApp", "ConsoleApp\ConsoleApp.csproj", "{6D1AAECF-34FF-48BD-AD6A-25215DD0A02A}"
EndProject
Project("{FAE04EC0-301F-11D3-BF4B-00C04F79EFBC}") = "MyAppTools", "MyAppTools\MyAppTools.csproj", "{E3303B0A-1755-4E85-874F-91DFBE9DB3FA}"
EndProject
Project("{FAE04EC0-301F-11D3-BF4B-00C04F79EFBC}") = "Byaxiom.Logger", "Byaxiom.Logger\Byaxiom.Logger.csproj", "{3BDC422C-33FA-498B-83CF-EF291EFBCE02}"
EndProject
Project("{FAE04EC0-301F-11D3-BF4B-00C04F79EFBC}") = "ProjectIV.WebUI", "ProjectIV.WebUI\ProjectIV.WebUI.csproj", "{F095A2B6-5C76-49B5-9873-47E05D15FBDE}"
EndProject
Global
	GlobalSection(SolutionConfigurationPlatforms) = preSolution
		Debug|Any CPU = Debug|Any CPU
		Release|Any CPU = Release|Any CPU
	EndGlobalSection
	GlobalSection(ProjectConfigurationPlatforms) = postSolution
		{5BA219B8-2938-482D-ACBA-D7C9054DE074}.Debug|Any CPU.ActiveCfg = Debug|Any CPU
		{5BA219B8-2938-482D-ACBA-D7C9054DE074}.Debug|Any CPU.Build.0 = Debug|Any CPU
		{5BA219B8-2938-482D-ACBA-D7C9054DE074}.Release|Any CPU.ActiveCfg = Release|Any CPU
		{5BA219B8-2938-482D-ACBA-D7C9054DE074}.Release|Any CPU.Build.0 = Release|Any CPU
		{5BBAA444-17DD-4E38-9952-66C63EDC7A8A}.Debug|Any CPU.ActiveCfg = Debug|Any CPU
		{5BBAA444-17DD-4E38-9952-66C63EDC7A8A}.Debug|Any CPU.Build.0 = Debug|Any CPU
		{5BBAA444-17DD-4E38-9952-66C63EDC7A8A}.Release|Any CPU.ActiveCfg = Release|Any CPU
		{5BBAA444-17DD-4E38-9952-66C63EDC7A8A}.Release|Any CPU.Build.0 = Release|Any CPU
		{6D1AAECF-34FF-48BD-AD6A-25215DD0A02A}.Debug|Any CPU.ActiveCfg = Debug|Any CPU
		{6D1AAECF-34FF-48BD-AD6A-25215DD0A02A}.Debug|Any CPU.Build.0 = Debug|Any CPU
		{6D1AAECF-34FF-48BD-AD6A-25215DD0A02A}.Release|Any CPU.ActiveCfg = Release|Any CPU
		{6D1AAECF-34FF-48BD-AD6A-25215DD0A02A}.Release|Any CPU.Build.0 = Release|Any CPU
		{E3303B0A-1755-4E85-874F-91DFBE9DB3FA}.Debug|Any CPU.ActiveCfg = Debug|Any CPU
		{E3303B0A-1755-4E85-874F-91DFBE9DB3FA}.Debug|Any CPU.Build.0 = Debug|Any CPU
		{E3303B0A-1755-4E85-874F-91DFBE9DB3FA}.Release|Any CPU.ActiveCfg = Release|Any CPU
		{E3303B0A-1755-4E85-874F-91DFBE9DB3FA}.Release|Any CPU.Build.0 = Release|Any CPU
		{3BDC422C-33FA-498B-83CF-EF291EFBCE02}.Debug|Any CPU.ActiveCfg = Debug|Any CPU
		{3BDC422C-33FA-498B-83CF-EF291EFBCE02}.Debug|Any CPU.Build.0 = Debug|Any CPU
		{3BDC422C-33FA-498B-83CF-EF291EFBCE02}.Release|Any CPU.ActiveCfg = Release|Any CPU
		{3BDC422C-33FA-498B-83CF-EF291EFBCE02}.Release|Any CPU.Build.0 = Release|Any CPU
		{F095A2B6-5C76-49B5-9873-47E05D15FBDE}.Debug|Any CPU.ActiveCfg = Debug|Any CPU
		{F095A2B6-5C76-49B5-9873-47E05D15FBDE}.Debug|Any CPU.Build.0 = Debug|Any CPU
		{F095A2B6-5C76-49B5-9873-47E05D15FBDE}.Release|Any CPU.ActiveCfg = Release|Any CPU
		{F095A2B6-5C76-49B5-9873-47E05D15FBDE}.Release|Any CPU.Build.0 = Release|Any CPU
	EndGlobalSection
	GlobalSection(SolutionProperties) = preSolution
		HideSolutionNode = FALSE
	EndGlobalSection
EndGlobal
